dependencies:
- name: mongodb
  repository: https://charts.bitnami.com/bitnami
  version: 13.18.5
- name: redis
  repository: https://charts.bitnami.com/bitnami
  version: 17.17.1
- name: postgresql
  repository: https://charts.bitnami.com/bitnami
  version: 12.12.10
digest: sha256:dad3198cb2db9d9414476f07de0b464936fa6682d04e15f19ea76b7d3e54c51c
generated: "2023-10-16T13:18:25.219515834-04:00"
