dependencies:
- name: mongodb
  repository: https://charts.bitnami.com/bitnami
  version: 19.1.17
- name: redis
  repository: https://charts.bitnami.com/bitnami
  version: 19.6.4
- name: postgresql
  repository: https://charts.bitnami.com/bitnami
  version: 15.5.38
digest: sha256:4cdaf9bd02acd3454154bd25cf08b479dad0f546b4243584b0c911a7de35ba4f
generated: "2026-07-22T09:41:36.183652-05:00"
